
Microsoft Visual Studio Solution File, Format Version 12.00
# Visual Studio Version 16
VisualStudioVersion = 16.0.30503.244
MinimumVisualStudioVersion = 10.0.40219.1
Project("{8BC9CEB8-8B4A-11D0-8D11-00A0C91BC942}") = "MySecondSolution", "MySecondSolution\MySecondSolution.vcxproj", "{60D22BB8-7A39-46EC-B2D3-3856B9DC41F3}"
EndProject
Project("{8BC9CEB8-8B4A-11D0-8D11-00A0C91BC942}") = "Lecture2", "Lecture2\Lecture2.vcxproj", "{616A573D-62A9-41E7-8E54-8150BA54C721}"
EndProject
Project("{8BC9CEB8-8B4A-11D0-8D11-00A0C91BC942}") = "Lecture3", "Lecture3\Lecture3.vcxproj", "{B5377FE1-8728-4F2A-B684-70EF2F46EF14}"
EndProject
Project("{8BC9CEB8-8B4A-11D0-8D11-00A0C91BC942}") = "bzero", "bzero\bzero.vcxproj", "{4545B514-5301-4257-BE5D-9FDE2EC2288E}"
EndProject
Project("{8BC9CEB8-8B4A-11D0-8D11-00A0C91BC942}") = "memset", "memset\memset.vcxproj", "{3594B017-4EB6-4D01-A3F8-BBD511504C57}"
EndProject
Project("{8BC9CEB8-8B4A-11D0-8D11-00A0C91BC942}") = "memccpy", "memccpy\memccpy.vcxproj", "{E81BBB11-CB5F-4F81-8C1A-7A0225298E9D}"
EndProject
Global
	GlobalSection(SolutionConfigurationPlatforms) = preSolution
		Debug|x64 = Debug|x64
		Debug|x86 = Debug|x86
		Release|x64 = Release|x64
		Release|x86 = Release|x86
	EndGlobalSection
	GlobalSection(ProjectConfigurationPlatforms) = postSolution
		{60D22BB8-7A39-46EC-B2D3-3856B9DC41F3}.Debug|x64.ActiveCfg = Debug|x64
		{60D22BB8-7A39-46EC-B2D3-3856B9DC41F3}.Debug|x64.Build.0 = Debug|x64
		{60D22BB8-7A39-46EC-B2D3-3856B9DC41F3}.Debug|x86.ActiveCfg = Debug|Win32
		{60D22BB8-7A39-46EC-B2D3-3856B9DC41F3}.Debug|x86.Build.0 = Debug|Win32
		{60D22BB8-7A39-46EC-B2D3-3856B9DC41F3}.Release|x64.ActiveCfg = Release|x64
		{60D22BB8-7A39-46EC-B2D3-3856B9DC41F3}.Release|x64.Build.0 = Release|x64
		{60D22BB8-7A39-46EC-B2D3-3856B9DC41F3}.Release|x86.ActiveCfg = Release|Win32
		{60D22BB8-7A39-46EC-B2D3-3856B9DC41F3}.Release|x86.Build.0 = Release|Win32
		{616A573D-62A9-41E7-8E54-8150BA54C721}.Debug|x64.ActiveCfg = Debug|x64
		{616A573D-62A9-41E7-8E54-8150BA54C721}.Debug|x64.Build.0 = Debug|x64
		{616A573D-62A9-41E7-8E54-8150BA54C721}.Debug|x86.ActiveCfg = Debug|Win32
		{616A573D-62A9-41E7-8E54-8150BA54C721}.Debug|x86.Build.0 = Debug|Win32
		{616A573D-62A9-41E7-8E54-8150BA54C721}.Release|x64.ActiveCfg = Release|x64
		{616A573D-62A9-41E7-8E54-8150BA54C721}.Release|x64.Build.0 = Release|x64
		{616A573D-62A9-41E7-8E54-8150BA54C721}.Release|x86.ActiveCfg = Release|Win32
		{616A573D-62A9-41E7-8E54-8150BA54C721}.Release|x86.Build.0 = Release|Win32
		{B5377FE1-8728-4F2A-B684-70EF2F46EF14}.Debug|x64.ActiveCfg = Debug|x64
		{B5377FE1-8728-4F2A-B684-70EF2F46EF14}.Debug|x64.Build.0 = Debug|x64
		{B5377FE1-8728-4F2A-B684-70EF2F46EF14}.Debug|x86.ActiveCfg = Debug|Win32
		{B5377FE1-8728-4F2A-B684-70EF2F46EF14}.Debug|x86.Build.0 = Debug|Win32
		{B5377FE1-8728-4F2A-B684-70EF2F46EF14}.Release|x64.ActiveCfg = Release|x64
		{B5377FE1-8728-4F2A-B684-70EF2F46EF14}.Release|x64.Build.0 = Release|x64
		{B5377FE1-8728-4F2A-B684-70EF2F46EF14}.Release|x86.ActiveCfg = Release|Win32
		{B5377FE1-8728-4F2A-B684-70EF2F46EF14}.Release|x86.Build.0 = Release|Win32
		{4545B514-5301-4257-BE5D-9FDE2EC2288E}.Debug|x64.ActiveCfg = Debug|x64
		{4545B514-5301-4257-BE5D-9FDE2EC2288E}.Debug|x64.Build.0 = Debug|x64
		{4545B514-5301-4257-BE5D-9FDE2EC2288E}.Debug|x86.ActiveCfg = Debug|Win32
		{4545B514-5301-4257-BE5D-9FDE2EC2288E}.Debug|x86.Build.0 = Debug|Win32
		{4545B514-5301-4257-BE5D-9FDE2EC2288E}.Release|x64.ActiveCfg = Release|x64
		{4545B514-5301-4257-BE5D-9FDE2EC2288E}.Release|x64.Build.0 = Release|x64
		{4545B514-5301-4257-BE5D-9FDE2EC2288E}.Release|x86.ActiveCfg = Release|Win32
		{4545B514-5301-4257-BE5D-9FDE2EC2288E}.Release|x86.Build.0 = Release|Win32
		{3594B017-4EB6-4D01-A3F8-BBD511504C57}.Debug|x64.ActiveCfg = Debug|x64
		{3594B017-4EB6-4D01-A3F8-BBD511504C57}.Debug|x64.Build.0 = Debug|x64
		{3594B017-4EB6-4D01-A3F8-BBD511504C57}.Debug|x86.ActiveCfg = Debug|Win32
		{3594B017-4EB6-4D01-A3F8-BBD511504C57}.Debug|x86.Build.0 = Debug|Win32
		{3594B017-4EB6-4D01-A3F8-BBD511504C57}.Release|x64.ActiveCfg = Release|x64
		{3594B017-4EB6-4D01-A3F8-BBD511504C57}.Release|x64.Build.0 = Release|x64
		{3594B017-4EB6-4D01-A3F8-BBD511504C57}.Release|x86.ActiveCfg = Release|Win32
		{3594B017-4EB6-4D01-A3F8-BBD511504C57}.Release|x86.Build.0 = Release|Win32
		{E81BBB11-CB5F-4F81-8C1A-7A0225298E9D}.Debug|x64.ActiveCfg = Debug|x64
		{E81BBB11-CB5F-4F81-8C1A-7A0225298E9D}.Debug|x64.Build.0 = Debug|x64
		{E81BBB11-CB5F-4F81-8C1A-7A0225298E9D}.Debug|x86.ActiveCfg = Debug|Win32
		{E81BBB11-CB5F-4F81-8C1A-7A0225298E9D}.Debug|x86.Build.0 = Debug|Win32
		{E81BBB11-CB5F-4F81-8C1A-7A0225298E9D}.Release|x64.ActiveCfg = Release|x64
		{E81BBB11-CB5F-4F81-8C1A-7A0225298E9D}.Release|x64.Build.0 = Release|x64
		{E81BBB11-CB5F-4F81-8C1A-7A0225298E9D}.Release|x86.ActiveCfg = Release|Win32
		{E81BBB11-CB5F-4F81-8C1A-7A0225298E9D}.Release|x86.Build.0 = Release|Win32
	EndGlobalSection
	GlobalSection(SolutionProperties) = preSolution
		HideSolutionNode = FALSE
	EndGlobalSection
	GlobalSection(ExtensibilityGlobals) = postSolution
		SolutionGuid = {383DE41C-160E-4F45-8E00-91C79AAD3F07}
	EndGlobalSection
EndGlobal
